// !$*UTF8*$!
{
	archiveVersion = 1;
	classes = {
	};
	objectVersion = 56;
	objects = {

/* Begin PBXBuildFile section */
		751363382A3271FF009B4316 /* AuthViewController.swift in Sources */ = {isa = PBXBuildFile; fileRef = 751363372A3271FF009B4316 /* AuthViewController.swift */; };
		7513633A2A38F89B009B4316 /* WebViewViewController.swift in Sources */ = {isa = PBXBuildFile; fileRef = 751363392A38F89B009B4316 /* WebViewViewController.swift */; };
		751771492A7063EC0050306E /* ProgressHUD in Frameworks */ = {isa = PBXBuildFile; productRef = 751771482A7063EC0050306E /* ProgressHUD */; };
		752AED3F2A0305A800D728B9 /* AppDelegate.swift in Sources */ = {isa = PBXBuildFile; fileRef = 752AED3E2A0305A800D728B9 /* AppDelegate.swift */; };
		752AED412A0305A800D728B9 /* SceneDelegate.swift in Sources */ = {isa = PBXBuildFile; fileRef = 752AED402A0305A800D728B9 /* SceneDelegate.swift */; };
		752AED432A0305A800D728B9 /* ImagesListViewController.swift in Sources */ = {isa = PBXBuildFile; fileRef = 752AED422A0305A800D728B9 /* ImagesListViewController.swift */; };
		752AED462A0305A800D728B9 /* Main.storyboard in Resources */ = {isa = PBXBuildFile; fileRef = 752AED442A0305A800D728B9 /* Main.storyboard */; };
		752AED482A0305A900D728B9 /* Assets.xcassets in Resources */ = {isa = PBXBuildFile; fileRef = 752AED472A0305A900D728B9 /* Assets.xcassets */; };
		752AED4B2A0305A900D728B9 /* LaunchScreen.storyboard in Resources */ = {isa = PBXBuildFile; fileRef = 752AED492A0305A900D728B9 /* LaunchScreen.storyboard */; };
		7580B4BD2A15710100092EDA /* ProfileViewController.swift in Sources */ = {isa = PBXBuildFile; fileRef = 7580B4BC2A15710100092EDA /* ProfileViewController.swift */; };
		7580B4BF2A1AB49600092EDA /* SingleImageViewController.swift in Sources */ = {isa = PBXBuildFile; fileRef = 7580B4BE2A1AB49600092EDA /* SingleImageViewController.swift */; };
		7582D6522A5C7BC40052F80B /* OAuth2Service.swift in Sources */ = {isa = PBXBuildFile; fileRef = 7582D6512A5C7BC40052F80B /* OAuth2Service.swift */; };
		7582D6542A5C83F30052F80B /* SplashViewController.swift in Sources */ = {isa = PBXBuildFile; fileRef = 7582D6532A5C83F30052F80B /* SplashViewController.swift */; };
		759861072A311F5F00401067 /* Constants.swift in Sources */ = {isa = PBXBuildFile; fileRef = 759861062A311F5F00401067 /* Constants.swift */; };
		75A302E02A0C3C76004B384B /* ImagesListCell.swift in Sources */ = {isa = PBXBuildFile; fileRef = 75A302DF2A0C3C76004B384B /* ImagesListCell.swift */; };
		75F86FAD2A6332A9000B6318 /* OAuth2TokenStorage.swift in Sources */ = {isa = PBXBuildFile; fileRef = 75F86FAC2A6332A9000B6318 /* OAuth2TokenStorage.swift */; };
/* End PBXBuildFile section */

/* Begin PBXFileReference section */
		751363372A3271FF009B4316 /* AuthViewController.swift */ = {isa = PBXFileReference; lastKnownFileType = sourcecode.swift; path = AuthViewController.swift; sourceTree = "<group>"; };
		751363392A38F89B009B4316 /* WebViewViewController.swift */ = {isa = PBXFileReference; lastKnownFileType = sourcecode.swift; path = WebViewViewController.swift; sourceTree = "<group>"; };
		752AED3B2A0305A800D728B9 /* ImageFeed.app */ = {isa = PBXFileReference; explicitFileType = wrapper.application; includeInIndex = 0; path = ImageFeed.app; sourceTree = BUILT_PRODUCTS_DIR; };
		752AED3E2A0305A800D728B9 /* AppDelegate.swift */ = {isa = PBXFileReference; lastKnownFileType = sourcecode.swift; path = AppDelegate.swift; sourceTree = "<group>"; };
		752AED402A0305A800D728B9 /* SceneDelegate.swift */ = {isa = PBXFileReference; lastKnownFileType = sourcecode.swift; path = SceneDelegate.swift; sourceTree = "<group>"; };
		752AED422A0305A800D728B9 /* ImagesListViewController.swift */ = {isa = PBXFileReference; lastKnownFileType = sourcecode.swift; path = ImagesListViewController.swift; sourceTree = "<group>"; };
		752AED452A0305A800D728B9 /* Base */ = {isa = PBXFileReference; lastKnownFileType = file.storyboard; name = Base; path = Base.lproj/Main.storyboard; sourceTree = "<group>"; };
		752AED472A0305A900D728B9 /* Assets.xcassets */ = {isa = PBXFileReference; lastKnownFileType = folder.assetcatalog; path = Assets.xcassets; sourceTree = "<group>"; };
		752AED4A2A0305A900D728B9 /* Base */ = {isa = PBXFileReference; lastKnownFileType = file.storyboard; name = Base; path = Base.lproj/LaunchScreen.storyboard; sourceTree = "<group>"; };
		752AED4C2A0305A900D728B9 /* Info.plist */ = {isa = PBXFileReference; lastKnownFileType = text.plist.xml; path = Info.plist; sourceTree = "<group>"; };
		7580B4BC2A15710100092EDA /* ProfileViewController.swift */ = {isa = PBXFileReference; lastKnownFileType = sourcecode.swift; path = ProfileViewController.swift; sourceTree = "<group>"; };
		7580B4BE2A1AB49600092EDA /* SingleImageViewController.swift */ = {isa = PBXFileReference; lastKnownFileType = sourcecode.swift; path = SingleImageViewController.swift; sourceTree = "<group>"; };
		7582D6512A5C7BC40052F80B /* OAuth2Service.swift */ = {isa = PBXFileReference; lastKnownFileType = sourcecode.swift; path = OAuth2Service.swift; sourceTree = "<group>"; };
		7582D6532A5C83F30052F80B /* SplashViewController.swift */ = {isa = PBXFileReference; lastKnownFileType = sourcecode.swift; path = SplashViewController.swift; sourceTree = "<group>"; };
		759861062A311F5F00401067 /* Constants.swift */ = {isa = PBXFileReference; lastKnownFileType = sourcecode.swift; path = Constants.swift; sourceTree = "<group>"; };
		75A302DF2A0C3C76004B384B /* ImagesListCell.swift */ = {isa = PBXFileReference; lastKnownFileType = sourcecode.swift; path = ImagesListCell.swift; sourceTree = "<group>"; };
		75F86FAC2A6332A9000B6318 /* OAuth2TokenStorage.swift */ = {isa = PBXFileReference; lastKnownFileType = sourcecode.swift; path = OAuth2TokenStorage.swift; sourceTree = "<group>"; };
/* End PBXFileReference section */

/* Begin PBXFrameworksBuildPhase section */
		752AED382A0305A800D728B9 /* Frameworks */ = {
			isa = PBXFrameworksBuildPhase;
			buildActionMask = 2147483647;
			files = (
				751771492A7063EC0050306E /* ProgressHUD in Frameworks */,
			);
			runOnlyForDeploymentPostprocessing = 0;
		};
/* End PBXFrameworksBuildPhase section */

/* Begin PBXGroup section */
		752AED322A0305A800D728B9 = {
			isa = PBXGroup;
			children = (
				752AED3D2A0305A800D728B9 /* ImageFeed */,
				752AED3C2A0305A800D728B9 /* Products */,
			);
			sourceTree = "<group>";
		};
		752AED3C2A0305A800D728B9 /* Products */ = {
			isa = PBXGroup;
			children = (
				752AED3B2A0305A800D728B9 /* ImageFeed.app */,
			);
			name = Products;
			sourceTree = "<group>";
		};
		752AED3D2A0305A800D728B9 /* ImageFeed */ = {
			isa = PBXGroup;
			children = (
				75A302E12A0C3CDB004B384B /* ImagesList */,
				752AED3E2A0305A800D728B9 /* AppDelegate.swift */,
				752AED402A0305A800D728B9 /* SceneDelegate.swift */,
				752AED442A0305A800D728B9 /* Main.storyboard */,
				752AED472A0305A900D728B9 /* Assets.xcassets */,
				752AED492A0305A900D728B9 /* LaunchScreen.storyboard */,
				752AED4C2A0305A900D728B9 /* Info.plist */,
			);
			path = ImageFeed;
			sourceTree = "<group>";
		};
		75A302E12A0C3CDB004B384B /* ImagesList */ = {
			isa = PBXGroup;
			children = (
				752AED422A0305A800D728B9 /* ImagesListViewController.swift */,
				75A302DF2A0C3C76004B384B /* ImagesListCell.swift */,
				7580B4BC2A15710100092EDA /* ProfileViewController.swift */,
				7580B4BE2A1AB49600092EDA /* SingleImageViewController.swift */,
				759861062A311F5F00401067 /* Constants.swift */,
				751363372A3271FF009B4316 /* AuthViewController.swift */,
				751363392A38F89B009B4316 /* WebViewViewController.swift */,
				7582D6512A5C7BC40052F80B /* OAuth2Service.swift */,
				7582D6532A5C83F30052F80B /* SplashViewController.swift */,
				75F86FAC2A6332A9000B6318 /* OAuth2TokenStorage.swift */,
			);
			path = ImagesList;
			sourceTree = "<group>";
		};
/* End PBXGroup section */

/* Begin PBXNativeTarget section */
		752AED3A2A0305A800D728B9 /* ImageFeed */ = {
			isa = PBXNativeTarget;
			buildConfigurationList = 752AED4F2A0305A900D728B9 /* Build configuration list for PBXNativeTarget "ImageFeed" */;
			buildPhases = (
				752AED372A0305A800D728B9 /* Sources */,
				752AED382A0305A800D728B9 /* Frameworks */,
				752AED392A0305A800D728B9 /* Resources */,
			);
			buildRules = (
			);
			dependencies = (
			);
			name = ImageFeed;
			packageProductDependencies = (
				751771482A7063EC0050306E /* ProgressHUD */,
			);
			productName = ImageFeed;
			productReference = 752AED3B2A0305A800D728B9 /* ImageFeed.app */;
			productType = "com.apple.product-type.application";
		};
/* End PBXNativeTarget section */

/* Begin PBXProject section */
		752AED332A0305A800D728B9 /* Project object */ = {
			isa = PBXProject;
			attributes = {
				BuildIndependentTargetsInParallel = 1;
				LastSwiftUpdateCheck = 1430;
				LastUpgradeCheck = 1430;
				TargetAttributes = {
					752AED3A2A0305A800D728B9 = {
						CreatedOnToolsVersion = 14.3;
					};
				};
			};
			buildConfigurationList = 752AED362A0305A800D728B9 /* Build configuration list for PBXProject "ImageFeed" */;
			compatibilityVersion = "Xcode 14.0";
			developmentRegion = en;
			hasScannedForEncodings = 0;
			knownRegions = (
				en,
				Base,
			);
			mainGroup = 752AED322A0305A800D728B9;
			packageReferences = (
				751771472A7063EC0050306E /* XCRemoteSwiftPackageReference "ProgressHUD" */,
			);
			productRefGroup = 752AED3C2A0305A800D728B9 /* Products */;
			projectDirPath = "";
			projectRoot = "";
			targets = (
				752AED3A2A0305A800D728B9 /* ImageFeed */,
			);
		};
/* End PBXProject section */

/* Begin PBXResourcesBuildPhase section */
		752AED392A0305A800D728B9 /* Resources */ = {
			isa = PBXResourcesBuildPhase;
			buildActionMask = 2147483647;
			files = (
				752AED4B2A0305A900D728B9 /* LaunchScreen.storyboard in Resources */,
				752AED482A0305A900D728B9 /* Assets.xcassets in Resources */,
				752AED462A0305A800D728B9 /* Main.storyboard in Resources */,
			);
			runOnlyForDeploymentPostprocessing = 0;
		};
/* End PBXResourcesBuildPhase section */

/* Begin PBXSourcesBuildPhase section */
		752AED372A0305A800D728B9 /* Sources */ = {
			isa = PBXSourcesBuildPhase;
			buildActionMask = 2147483647;
			files = (
				75F86FAD2A6332A9000B6318 /* OAuth2TokenStorage.swift in Sources */,
				752AED432A0305A800D728B9 /* ImagesListViewController.swift in Sources */,
				75A302E02A0C3C76004B384B /* ImagesListCell.swift in Sources */,
				7580B4BD2A15710100092EDA /* ProfileViewController.swift in Sources */,
				752AED3F2A0305A800D728B9 /* AppDelegate.swift in Sources */,
				751363382A3271FF009B4316 /* AuthViewController.swift in Sources */,
				759861072A311F5F00401067 /* Constants.swift in Sources */,
				7580B4BF2A1AB49600092EDA /* SingleImageViewController.swift in Sources */,
				7513633A2A38F89B009B4316 /* WebViewViewController.swift in Sources */,
				7582D6522A5C7BC40052F80B /* OAuth2Service.swift in Sources */,
				752AED412A0305A800D728B9 /* SceneDelegate.swift in Sources */,
				7582D6542A5C83F30052F80B /* SplashViewController.swift in Sources */,
			);
			runOnlyForDeploymentPostprocessing = 0;
		};
/* End PBXSourcesBuildPhase section */

/* Begin PBXVariantGroup section */
		752AED442A0305A800D728B9 /* Main.storyboard */ = {
			isa = PBXVariantGroup;
			children = (
				752AED452A0305A800D728B9 /* Base */,
			);
			name = Main.storyboard;
			sourceTree = "<group>";
		};
		752AED492A0305A900D728B9 /* LaunchScreen.storyboard */ = {
			isa = PBXVariantGroup;
			children = (
				752AED4A2A0305A900D728B9 /* Base */,
			);
			name = LaunchScreen.storyboard;
			sourceTree = "<group>";
		};
/* End PBXVariantGroup section */

/* Begin XCBuildConfiguration section */
		752AED4D2A0305A900D728B9 /* Debug */ = {
			isa = XCBuildConfiguration;
			buildSettings = {
				ALWAYS_SEARCH_USER_PATHS = NO;
				CLANG_ANALYZER_NONNULL = YES;
				CLANG_ANALYZER_NUMBER_OBJECT_CONVERSION = YES_AGGRESSIVE;
				CLANG_CXX_LANGUAGE_STANDARD = "gnu++20";
				CLANG_ENABLE_MODULES = YES;
				CLANG_ENABLE_OBJC_ARC = YES;
				CLANG_ENABLE_OBJC_WEAK = YES;
				CLANG_WARN_BLOCK_CAPTURE_AUTORELEASING = YES;
				CLANG_WARN_BOOL_CONVERSION = YES;
				CLANG_WARN_COMMA = YES;
				CLANG_WARN_CONSTANT_CONVERSION = YES;
				CLANG_WARN_DEPRECATED_OBJC_IMPLEMENTATIONS = YES;
				CLANG_WARN_DIRECT_OBJC_ISA_USAGE = YES_ERROR;
				CLANG_WARN_DOCUMENTATION_COMMENTS = YES;
				CLANG_WARN_EMPTY_BODY = YES;
				CLANG_WARN_ENUM_CONVERSION = YES;
				CLANG_WARN_INFINITE_RECURSION = YES;
				CLANG_WARN_INT_CONVERSION = YES;
				CLANG_WARN_NON_LITERAL_NULL_CONVERSION = YES;
				CLANG_WARN_OBJC_IMPLICIT_RETAIN_SELF = YES;
				CLANG_WARN_OBJC_LITERAL_CONVERSION = YES;
				CLANG_WARN_OBJC_ROOT_CLASS = YES_ERROR;
				CLANG_WARN_QUOTED_INCLUDE_IN_FRAMEWORK_HEADER = YES;
				CLANG_WARN_RANGE_LOOP_ANALYSIS = YES;
				CLANG_WARN_STRICT_PROTOTYPES = YES;
				CLANG_WARN_SUSPICIOUS_MOVE = YES;
				CLANG_WARN_UNGUARDED_AVAILABILITY = YES_AGGRESSIVE;
				CLANG_WARN_UNREACHABLE_CODE = YES;
				CLANG_WARN__DUPLICATE_METHOD_MATCH = YES;
				COPY_PHASE_STRIP = NO;
				DEBUG_INFORMATION_FORMAT = dwarf;
				ENABLE_STRICT_OBJC_MSGSEND = YES;
				ENABLE_TESTABILITY = YES;
				GCC_C_LANGUAGE_STANDARD = gnu11;
				GCC_DYNAMIC_NO_PIC = NO;
				GCC_NO_COMMON_BLOCKS = YES;
				GCC_OPTIMIZATION_LEVEL = 0;
				GCC_PREPROCESSOR_DEFINITIONS = (
					"DEBUG=1",
					"$(inherited)",
				);
				GCC_WARN_64_TO_32_BIT_CONVERSION = YES;
				GCC_WARN_ABOUT_RETURN_TYPE = YES_ERROR;
				GCC_WARN_UNDECLARED_SELECTOR = YES;
				GCC_WARN_UNINITIALIZED_AUTOS = YES_AGGRESSIVE;
				GCC_WARN_UNUSED_FUNCTION = YES;
				GCC_WARN_UNUSED_VARIABLE = YES;
				IPHONEOS_DEPLOYMENT_TARGET = 16.4;
				MTL_ENABLE_DEBUG_INFO = INCLUDE_SOURCE;
				MTL_FAST_MATH = YES;
				ONLY_ACTIVE_ARCH = YES;
				SDKROOT = iphoneos;
				SWIFT_ACTIVE_COMPILATION_CONDITIONS = DEBUG;
				SWIFT_OPTIMIZATION_LEVEL = "-Onone";
			};
			name = Debug;
		};
		752AED4E2A0305A900D728B9 /* Release */ = {
			isa = XCBuildConfiguration;
			buildSettings = {
				ALWAYS_SEARCH_USER_PATHS = NO;
				CLANG_ANALYZER_NONNULL = YES;
				CLANG_ANALYZER_NUMBER_OBJECT_CONVERSION = YES_AGGRESSIVE;
				CLANG_CXX_LANGUAGE_STANDARD = "gnu++20";
				CLANG_ENABLE_MODULES = YES;
				CLANG_ENABLE_OBJC_ARC = YES;
				CLANG_ENABLE_OBJC_WEAK = YES;
				CLANG_WARN_BLOCK_CAPTURE_AUTORELEASING = YES;
				CLANG_WARN_BOOL_CONVERSION = YES;
				CLANG_WARN_COMMA = YES;
				CLANG_WARN_CONSTANT_CONVERSION = YES;
				CLANG_WARN_DEPRECATED_OBJC_IMPLEMENTATIONS = YES;
				CLANG_WARN_DIRECT_OBJC_ISA_USAGE = YES_ERROR;
				CLANG_WARN_DOCUMENTATION_COMMENTS = YES;
				CLANG_WARN_EMPTY_BODY = YES;
				CLANG_WARN_ENUM_CONVERSION = YES;
				CLANG_WARN_INFINITE_RECURSION = YES;
				CLANG_WARN_INT_CONVERSION = YES;
				CLANG_WARN_NON_LITERAL_NULL_CONVERSION = YES;
				CLANG_WARN_OBJC_IMPLICIT_RETAIN_SELF = YES;
				CLANG_WARN_OBJC_LITERAL_CONVERSION = YES;
				CLANG_WARN_OBJC_ROOT_CLASS = YES_ERROR;
				CLANG_WARN_QUOTED_INCLUDE_IN_FRAMEWORK_HEADER = YES;
				CLANG_WARN_RANGE_LOOP_ANALYSIS = YES;
				CLANG_WARN_STRICT_PROTOTYPES = YES;
				CLANG_WARN_SUSPICIOUS_MOVE = YES;
				CLANG_WARN_UNGUARDED_AVAILABILITY = YES_AGGRESSIVE;
				CLANG_WARN_UNREACHABLE_CODE = YES;
				CLANG_WARN__DUPLICATE_METHOD_MATCH = YES;
				COPY_PHASE_STRIP = NO;
				DEBUG_INFORMATION_FORMAT = "dwarf-with-dsym";
				ENABLE_NS_ASSERTIONS = NO;
				ENABLE_STRICT_OBJC_MSGSEND = YES;
				GCC_C_LANGUAGE_STANDARD = gnu11;
				GCC_NO_COMMON_BLOCKS = YES;
				GCC_WARN_64_TO_32_BIT_CONVERSION = YES;
				GCC_WARN_ABOUT_RETURN_TYPE = YES_ERROR;
				GCC_WARN_UNDECLARED_SELECTOR = YES;
				GCC_WARN_UNINITIALIZED_AUTOS = YES_AGGRESSIVE;
				GCC_WARN_UNUSED_FUNCTION = YES;
				GCC_WARN_UNUSED_VARIABLE = YES;
				IPHONEOS_DEPLOYMENT_TARGET = 16.4;
				MTL_ENABLE_DEBUG_INFO = NO;
				MTL_FAST_MATH = YES;
				SDKROOT = iphoneos;
				SWIFT_COMPILATION_MODE = wholemodule;
				SWIFT_OPTIMIZATION_LEVEL = "-O";
				VALIDATE_PRODUCT = YES;
			};
			name = Release;
		};
		752AED502A0305A900D728B9 /* Debug */ = {
			isa = XCBuildConfiguration;
			buildSettings = {
				ASSETCATALOG_COMPILER_APPICON_NAME = AppIcon;
				ASSETCATALOG_COMPILER_GLOBAL_ACCENT_COLOR_NAME = AccentColor;
				CODE_SIGN_STYLE = Automatic;
				CURRENT_PROJECT_VERSION = 1;
				DEVELOPMENT_TEAM = 54XQP97Z2G;
				GENERATE_INFOPLIST_FILE = YES;
				INFOPLIST_FILE = ImageFeed/Info.plist;
				INFOPLIST_KEY_UIApplicationSupportsIndirectInputEvents = YES;
				INFOPLIST_KEY_UILaunchStoryboardName = LaunchScreen;
				INFOPLIST_KEY_UIMainStoryboardFile = Main;
				INFOPLIST_KEY_UISupportedInterfaceOrientations = UIInterfaceOrientationPortrait;
				INFOPLIST_KEY_UISupportedInterfaceOrientations_iPad = "UIInterfaceOrientationLandscapeLeft UIInterfaceOrientationLandscapeRight";
				IPHONEOS_DEPLOYMENT_TARGET = 13.0;
				LD_RUNPATH_SEARCH_PATHS = (
					"$(inherited)",
					"@executable_path/Frameworks",
				);
				MARKETING_VERSION = 1.0;
				PRODUCT_BUNDLE_IDENTIFIER = ru.yandex.practicum.ImageFeed;
				PRODUCT_NAME = "$(TARGET_NAME)";
				SUPPORTED_PLATFORMS = "iphoneos iphonesimulator";
				SUPPORTS_MACCATALYST = NO;
				SUPPORTS_MAC_DESIGNED_FOR_IPHONE_IPAD = YES;
				SWIFT_EMIT_LOC_STRINGS = YES;
				SWIFT_VERSION = 5.0;
				TARGETED_DEVICE_FAMILY = 1;
			};
			name = Debug;
		};
		752AED512A0305A900D728B9 /* Release */ = {
			isa = XCBuildConfiguration;
			buildSettings = {
				ASSETCATALOG_COMPILER_APPICON_NAME = AppIcon;
				ASSETCATALOG_COMPILER_GLOBAL_ACCENT_COLOR_NAME = AccentColor;
				CODE_SIGN_STYLE = Automatic;
				CURRENT_PROJECT_VERSION = 1;
				DEVELOPMENT_TEAM = 54XQP97Z2G;
				GENERATE_INFOPLIST_FILE = YES;
				INFOPLIST_FILE = ImageFeed/Info.plist;
				INFOPLIST_KEY_UIApplicationSupportsIndirectInputEvents = YES;
				INFOPLIST_KEY_UILaunchStoryboardName = LaunchScreen;
				INFOPLIST_KEY_UIMainStoryboardFile = Main;
				INFOPLIST_KEY_UISupportedInterfaceOrientations = UIInterfaceOrientationPortrait;
				INFOPLIST_KEY_UISupportedInterfaceOrientations_iPad = "UIInterfaceOrientationLandscapeLeft UIInterfaceOrientationLandscapeRight";
				IPHONEOS_DEPLOYMENT_TARGET = 13.0;
				LD_RUNPATH_SEARCH_PATHS = (
					"$(inherited)",
					"@executable_path/Frameworks",
				);
				MARKETING_VERSION = 1.0;
				PRODUCT_BUNDLE_IDENTIFIER = ru.yandex.practicum.ImageFeed;
				PRODUCT_NAME = "$(TARGET_NAME)";
				SUPPORTED_PLATFORMS = "iphoneos iphonesimulator";
				SUPPORTS_MACCATALYST = NO;
				SUPPORTS_MAC_DESIGNED_FOR_IPHONE_IPAD = YES;
				SWIFT_EMIT_LOC_STRINGS = YES;
				SWIFT_VERSION = 5.0;
				TARGETED_DEVICE_FAMILY = 1;
			};
			name = Release;
		};
/* End XCBuildConfiguration section */

/* Begin XCConfigurationList section */
		752AED362A0305A800D728B9 /* Build configuration list for PBXProject "ImageFeed" */ = {
			isa = XCConfigurationList;
			buildConfigurations = (
				752AED4D2A0305A900D728B9 /* Debug */,
				752AED4E2A0305A900D728B9 /* Release */,
			);
			defaultConfigurationIsVisible = 0;
			defaultConfigurationName = Release;
		};
		752AED4F2A0305A900D728B9 /* Build configuration list for PBXNativeTarget "ImageFeed" */ = {
			isa = XCConfigurationList;
			buildConfigurations = (
				752AED502A0305A900D728B9 /* Debug */,
				752AED512A0305A900D728B9 /* Release */,
			);
			defaultConfigurationIsVisible = 0;
			defaultConfigurationName = Release;
		};
/* End XCConfigurationList section */

/* Begin XCRemoteSwiftPackageReference section */
		751771472A7063EC0050306E /* XCRemoteSwiftPackageReference "ProgressHUD" */ = {
			isa = XCRemoteSwiftPackageReference;
			repositoryURL = "https://github.com/relatedcode/ProgressHUD";
			requirement = {
				kind = exactVersion;
				version = 13.7.2;
			};
		};
/* End XCRemoteSwiftPackageReference section */

/* Begin XCSwiftPackageProductDependency section */
		751771482A7063EC0050306E /* ProgressHUD */ = {
			isa = XCSwiftPackageProductDependency;
			package = 751771472A7063EC0050306E /* XCRemoteSwiftPackageReference "ProgressHUD" */;
			productName = ProgressHUD;
		};
/* End XCSwiftPackageProductDependency section */
	};
	rootObject = 752AED332A0305A800D728B9 /* Project object */;
}
